
Microsoft Visual Studio Solution File, Format Version 12.00
# Visual Studio 2017
Project("{FAE04EC0-301F-11D3-BF4B-00C04F79EFBC}") = "Ice Shot", "Ice Shot.csproj", "{73E77A21-AC6D-1D5F-D057-21D85F89A8B2}"
EndProject
Project("{FAE04EC0-301F-11D3-BF4B-00C04F79EFBC}") = "Ice Shot.Plugins", "Ice Shot.Plugins.csproj", "{A14F4017-0A0F-DFBC-2540-2E042C8A3C56}"
EndProject
Project("{FAE04EC0-301F-11D3-BF4B-00C04F79EFBC}") = "Ice Shot.Editor.Plugins", "Ice Shot.Editor.Plugins.csproj", "{87407C7F-D1D6-68EE-4A1B-69E65707C581}"
EndProject
Global
	GlobalSection(SolutionConfigurationPlatforms) = preSolution
		Debug|Any CPU = Debug|Any CPU
		Release|Any CPU = Release|Any CPU
	EndGlobalSection
	GlobalSection(ProjectConfigurationPlatforms) = postSolution
		{73E77A21-AC6D-1D5F-D057-21D85F89A8B2}.Debug|Any CPU.ActiveCfg = Debug|Any CPU
		{73E77A21-AC6D-1D5F-D057-21D85F89A8B2}.Debug|Any CPU.Build.0 = Debug|Any CPU
		{73E77A21-AC6D-1D5F-D057-21D85F89A8B2}.Release|Any CPU.ActiveCfg = Release|Any CPU
		{73E77A21-AC6D-1D5F-D057-21D85F89A8B2}.Release|Any CPU.Build.0 = Release|Any CPU
		{A14F4017-0A0F-DFBC-2540-2E042C8A3C56}.Debug|Any CPU.ActiveCfg = Debug|Any CPU
		{A14F4017-0A0F-DFBC-2540-2E042C8A3C56}.Debug|Any CPU.Build.0 = Debug|Any CPU
		{A14F4017-0A0F-DFBC-2540-2E042C8A3C56}.Release|Any CPU.ActiveCfg = Release|Any CPU
		{A14F4017-0A0F-DFBC-2540-2E042C8A3C56}.Release|Any CPU.Build.0 = Release|Any CPU
		{87407C7F-D1D6-68EE-4A1B-69E65707C581}.Debug|Any CPU.ActiveCfg = Debug|Any CPU
		{87407C7F-D1D6-68EE-4A1B-69E65707C581}.Debug|Any CPU.Build.0 = Debug|Any CPU
		{87407C7F-D1D6-68EE-4A1B-69E65707C581}.Release|Any CPU.ActiveCfg = Release|Any CPU
		{87407C7F-D1D6-68EE-4A1B-69E65707C581}.Release|Any CPU.Build.0 = Release|Any CPU
	EndGlobalSection
	GlobalSection(SolutionProperties) = preSolution
		HideSolutionNode = FALSE
	EndGlobalSection
EndGlobal
